// !$*UTF8*$!
{
	archiveVersion = 1;
	classes = {
	};
	objectVersion = 77;
	objects = {

/* Begin PBXBuildFile section */
		22B7D1672EF179E000C02359 /* LICENSE.md in Resources */ = {isa = PBXBuildFile; fileRef = 22B7D1652EF179E000C02359 /* LICENSE.md */; };
		22B7D1682EF179E000C02359 /* NOTICE.md in Resources */ = {isa = PBXBuildFile; fileRef = 22B7D1662EF179E000C02359 /* NOTICE.md */; };
		22B7D16C2EF17D7B00C02359 /* MarkdownUI in Frameworks */ = {isa = PBXBuildFile; productRef = 22B7D16B2EF17D7B00C02359 /* MarkdownUI */; };
		22B7DCB32EF1B0AC00C02359 /* PRIVACY.md in Resources */ = {isa = PBXBuildFile; fileRef = 22B7DCB22EF1B0AC00C02359 /* PRIVACY.md */; };
		22DAFBB82ED0F62B00C72A76 /* FlangCore in Frameworks */ = {isa = PBXBuildFile; productRef = 22DAFBB72ED0F62B00C72A76 /* FlangCore */; };
/* End PBXBuildFile section */

/* Begin PBXContainerItemProxy section */
		2280E2F32EBFFA54005C0C8B /* PBXContainerItemProxy */ = {
			isa = PBXContainerItemProxy;
			containerPortal = 22FA3D922EA0E14900F6CCB9 /* Project object */;
			proxyType = 1;
			remoteGlobalIDString = 22FA3D992EA0E14900F6CCB9;
			remoteInfo = "flang-ios";
		};
/* End PBXContainerItemProxy section */

/* Begin PBXFileReference section */
		2280E2EF2EBFFA54005C0C8B /* flang-ios-tests.xctest */ = {isa = PBXFileReference; explicitFileType = wrapper.cfbundle; includeInIndex = 0; path = "flang-ios-tests.xctest"; sourceTree = BUILT_PRODUCTS_DIR; };
		2285B0692ED0BA460033A954 /* flang-core */ = {isa = PBXFileReference; lastKnownFileType = wrapper; path = "flang-core"; sourceTree = "<group>"; };
		22B7D1652EF179E000C02359 /* LICENSE.md */ = {isa = PBXFileReference; lastKnownFileType = net.daringfireball.markdown; path = LICENSE.md; sourceTree = "<group>"; };
		22B7D1662EF179E000C02359 /* NOTICE.md */ = {isa = PBXFileReference; lastKnownFileType = net.daringfireball.markdown; path = NOTICE.md; sourceTree = "<group>"; };
		22B7DCB22EF1B0AC00C02359 /* PRIVACY.md */ = {isa = PBXFileReference; lastKnownFileType = net.daringfireball.markdown; path = PRIVACY.md; sourceTree = "<group>"; };
		22FA3D9A2EA0E14900F6CCB9 /* Flang.app */ = {isa = PBXFileReference; explicitFileType = wrapper.application; includeInIndex = 0; path = Flang.app; sourceTree = BUILT_PRODUCTS_DIR; };
/* End PBXFileReference section */

/* Begin PBXFileSystemSynchronizedRootGroup section */
		22FA3D9C2EA0E14900F6CCB9 /* flang-ios */ = {
			isa = PBXFileSystemSynchronizedRootGroup;
			path = "flang-ios";
			sourceTree = "<group>";
		};
/* End PBXFileSystemSynchronizedRootGroup section */

/* Begin PBXFrameworksBuildPhase section */
		2280E2EC2EBFFA54005C0C8B /* Frameworks */ = {
			isa = PBXFrameworksBuildPhase;
			buildActionMask = 2147483647;
			files = (
			);
			runOnlyForDeploymentPostprocessing = 0;
		};
		22FA3D972EA0E14900F6CCB9 /* Frameworks */ = {
			isa = PBXFrameworksBuildPhase;
			buildActionMask = 2147483647;
			files = (
				22DAFBB82ED0F62B00C72A76 /* FlangCore in Frameworks */,
				22B7D16C2EF17D7B00C02359 /* MarkdownUI in Frameworks */,
			);
			runOnlyForDeploymentPostprocessing = 0;
		};
/* End PBXFrameworksBuildPhase section */

/* Begin PBXGroup section */
		22FA3D912EA0E14900F6CCB9 = {
			isa = PBXGroup;
			children = (
				22FA3D9C2EA0E14900F6CCB9 /* flang-ios */,
				2285B0692ED0BA460033A954 /* flang-core */,
				22B7D1652EF179E000C02359 /* LICENSE.md */,
				22B7D1662EF179E000C02359 /* NOTICE.md */,
				22B7DCB22EF1B0AC00C02359 /* PRIVACY.md */,
				22FA3D9B2EA0E14900F6CCB9 /* Products */,
			);
			sourceTree = "<group>";
		};
		22FA3D9B2EA0E14900F6CCB9 /* Products */ = {
			isa = PBXGroup;
			children = (
				22FA3D9A2EA0E14900F6CCB9 /* Flang.app */,
				2280E2EF2EBFFA54005C0C8B /* flang-ios-tests.xctest */,
			);
			name = Products;
			sourceTree = "<group>";
		};
/* End PBXGroup section */

/* Begin PBXNativeTarget section */
		2280E2EE2EBFFA54005C0C8B /* flang-ios-tests */ = {
			isa = PBXNativeTarget;
			buildConfigurationList = 2280E2F72EBFFA54005C0C8B /* Build configuration list for PBXNativeTarget "flang-ios-tests" */;
			buildPhases = (
				2280E2EB2EBFFA54005C0C8B /* Sources */,
				2280E2EC2EBFFA54005C0C8B /* Frameworks */,
				2280E2ED2EBFFA54005C0C8B /* Resources */,
			);
			buildRules = (
			);
			dependencies = (
				2280E2F42EBFFA54005C0C8B /* PBXTargetDependency */,
			);
			name = "flang-ios-tests";
			packageProductDependencies = (
			);
			productName = "flang-ios-tests";
			productReference = 2280E2EF2EBFFA54005C0C8B /* flang-ios-tests.xctest */;
			productType = "com.apple.product-type.bundle.unit-test";
		};
		22FA3D992EA0E14900F6CCB9 /* flang-ios */ = {
			isa = PBXNativeTarget;
			buildConfigurationList = 22FA3DA52EA0E14A00F6CCB9 /* Build configuration list for PBXNativeTarget "flang-ios" */;
			buildPhases = (
				22FA3D962EA0E14900F6CCB9 /* Sources */,
				22FA3D972EA0E14900F6CCB9 /* Frameworks */,
				22FA3D982EA0E14900F6CCB9 /* Resources */,
				22FA5AF42EF18F0400F6CCB9 /* Copy Acknowledgements */,
			);
			buildRules = (
			);
			dependencies = (
				22B7D1722EF17F5F00C02359 /* PBXTargetDependency */,
			);
			fileSystemSynchronizedGroups = (
				22FA3D9C2EA0E14900F6CCB9 /* flang-ios */,
			);
			name = "flang-ios";
			packageProductDependencies = (
				22DAFBB72ED0F62B00C72A76 /* FlangCore */,
				22B7D16B2EF17D7B00C02359 /* MarkdownUI */,
			);
			productName = "flang-ios";
			productReference = 22FA3D9A2EA0E14900F6CCB9 /* Flang.app */;
			productType = "com.apple.product-type.application";
		};
/* End PBXNativeTarget section */

/* Begin PBXProject section */
		22FA3D922EA0E14900F6CCB9 /* Project object */ = {
			isa = PBXProject;
			attributes = {
				BuildIndependentTargetsInParallel = 1;
				LastSwiftUpdateCheck = 2610;
				LastUpgradeCheck = 2610;
				TargetAttributes = {
					2280E2EE2EBFFA54005C0C8B = {
						CreatedOnToolsVersion = 26.1;
						TestTargetID = 22FA3D992EA0E14900F6CCB9;
					};
					22FA3D992EA0E14900F6CCB9 = {
						CreatedOnToolsVersion = 26.0;
					};
				};
			};
			buildConfigurationList = 22FA3D952EA0E14900F6CCB9 /* Build configuration list for PBXProject "Flang" */;
			developmentRegion = en;
			hasScannedForEncodings = 0;
			knownRegions = (
				en,
				Base,
				de,
			);
			mainGroup = 22FA3D912EA0E14900F6CCB9;
			minimizedProjectReferenceProxies = 1;
			packageReferences = (
				22DAFBB62ED0F62B00C72A76 /* XCLocalSwiftPackageReference "flang-core" */,
				22B7D1692EF17D6500C02359 /* XCRemoteSwiftPackageReference "LicensePlist" */,
				22B7D16A2EF17D7B00C02359 /* XCRemoteSwiftPackageReference "swift-markdown-ui" */,
			);
			preferredProjectObjectVersion = 77;
			productRefGroup = 22FA3D9B2EA0E14900F6CCB9 /* Products */;
			projectDirPath = "";
			projectRoot = "";
			targets = (
				22FA3D992EA0E14900F6CCB9 /* flang-ios */,
				2280E2EE2EBFFA54005C0C8B /* flang-ios-tests */,
			);
		};
/* End PBXProject section */

/* Begin PBXResourcesBuildPhase section */
		2280E2ED2EBFFA54005C0C8B /* Resources */ = {
			isa = PBXResourcesBuildPhase;
			buildActionMask = 2147483647;
			files = (
			);
			runOnlyForDeploymentPostprocessing = 0;
		};
		22FA3D982EA0E14900F6CCB9 /* Resources */ = {
			isa = PBXResourcesBuildPhase;
			buildActionMask = 2147483647;
			files = (
				22B7D1672EF179E000C02359 /* LICENSE.md in Resources */,
				22B7D1682EF179E000C02359 /* NOTICE.md in Resources */,
				22B7DCB32EF1B0AC00C02359 /* PRIVACY.md in Resources */,
			);
			runOnlyForDeploymentPostprocessing = 0;
		};
/* End PBXResourcesBuildPhase section */

/* Begin PBXShellScriptBuildPhase section */
		22FA5AF42EF18F0400F6CCB9 /* Copy Acknowledgements */ = {
			isa = PBXShellScriptBuildPhase;
			alwaysOutOfDate = 1;
			buildActionMask = 2147483647;
			files = (
			);
			inputPaths = (
			);
			name = "Copy Acknowledgements";
			outputPaths = (
			);
			runOnlyForDeploymentPostprocessing = 0;
			shellPath = /bin/sh;
			shellScript = "echo \"Will copy acknowledgements\"\n\nACKNOWLEDGEMENTS_DIR=${BUILT_PRODUCTS_DIR}/${CONTENTS_FOLDER_PATH}/com.mono0926.LicensePlist.Output\nDESTINATION_PATH=${BUILT_PRODUCTS_DIR}/${CONTENTS_FOLDER_PATH}/Settings.bundle/\n\ncp -r \"${ACKNOWLEDGEMENTS_DIR}\"/* \"${DESTINATION_PATH}\"\nrm -rf \"${ACKNOWLEDGEMENTS_DIR}\"\n";
		};
/* End PBXShellScriptBuildPhase section */

/* Begin PBXSourcesBuildPhase section */
		2280E2EB2EBFFA54005C0C8B /* Sources */ = {
			isa = PBXSourcesBuildPhase;
			buildActionMask = 2147483647;
			files = (
			);
			runOnlyForDeploymentPostprocessing = 0;
		};
		22FA3D962EA0E14900F6CCB9 /* Sources */ = {
			isa = PBXSourcesBuildPhase;
			buildActionMask = 2147483647;
			files = (
			);
			runOnlyForDeploymentPostprocessing = 0;
		};
/* End PBXSourcesBuildPhase section */

/* Begin PBXTargetDependency section */
		2280E2F42EBFFA54005C0C8B /* PBXTargetDependency */ = {
			isa = PBXTargetDependency;
			target = 22FA3D992EA0E14900F6CCB9 /* flang-ios */;
			targetProxy = 2280E2F32EBFFA54005C0C8B /* PBXContainerItemProxy */;
		};
		22B7D1722EF17F5F00C02359 /* PBXTargetDependency */ = {
			isa = PBXTargetDependency;
			productRef = 22B7D1712EF17F5F00C02359 /* LicensePlistBuildTool */;
		};
/* End PBXTargetDependency section */

/* Begin XCBuildConfiguration section */
		2280E2F52EBFFA54005C0C8B /* Debug */ = {
			isa = XCBuildConfiguration;
			buildSettings = {
				BUNDLE_LOADER = "$(TEST_HOST)";
				CODE_SIGN_STYLE = Automatic;
				CURRENT_PROJECT_VERSION = 1;
				DEVELOPMENT_TEAM = QT27QDFZ7N;
				GENERATE_INFOPLIST_FILE = YES;
				IPHONEOS_DEPLOYMENT_TARGET = 26.1;
				MACOSX_DEPLOYMENT_TARGET = 26.0;
				MARKETING_VERSION = 1.0;
				PRODUCT_BUNDLE_IDENTIFIER = "de.tadris.flang-ios-tests";
				PRODUCT_NAME = "$(TARGET_NAME)";
				SDKROOT = auto;
				STRING_CATALOG_GENERATE_SYMBOLS = NO;
				SUPPORTED_PLATFORMS = "iphoneos iphonesimulator macosx xros xrsimulator";
				SWIFT_APPROACHABLE_CONCURRENCY = YES;
				SWIFT_EMIT_LOC_STRINGS = NO;
				SWIFT_UPCOMING_FEATURE_MEMBER_IMPORT_VISIBILITY = YES;
				SWIFT_VERSION = 5.0;
				TARGETED_DEVICE_FAMILY = "1,2,7";
				TEST_HOST = "$(BUILT_PRODUCTS_DIR)/flang-ios.app/$(BUNDLE_EXECUTABLE_FOLDER_PATH)/flang-ios";
				XROS_DEPLOYMENT_TARGET = 26.1;
			};
			name = Debug;
		};
		2280E2F62EBFFA54005C0C8B /* Release */ = {
			isa = XCBuildConfiguration;
			buildSettings = {
				BUNDLE_LOADER = "$(TEST_HOST)";
				CODE_SIGN_STYLE = Automatic;
				CURRENT_PROJECT_VERSION = 1;
				DEVELOPMENT_TEAM = QT27QDFZ7N;
				GENERATE_INFOPLIST_FILE = YES;
				IPHONEOS_DEPLOYMENT_TARGET = 26.1;
				MACOSX_DEPLOYMENT_TARGET = 26.0;
				MARKETING_VERSION = 1.0;
				PRODUCT_BUNDLE_IDENTIFIER = "de.tadris.flang-ios-tests";
				PRODUCT_NAME = "$(TARGET_NAME)";
				SDKROOT = auto;
				STRING_CATALOG_GENERATE_SYMBOLS = NO;
				SUPPORTED_PLATFORMS = "iphoneos iphonesimulator macosx xros xrsimulator";
				SWIFT_APPROACHABLE_CONCURRENCY = YES;
				SWIFT_EMIT_LOC_STRINGS = NO;
				SWIFT_UPCOMING_FEATURE_MEMBER_IMPORT_VISIBILITY = YES;
				SWIFT_VERSION = 5.0;
				TARGETED_DEVICE_FAMILY = "1,2,7";
				TEST_HOST = "$(BUILT_PRODUCTS_DIR)/flang-ios.app/$(BUNDLE_EXECUTABLE_FOLDER_PATH)/flang-ios";
				XROS_DEPLOYMENT_TARGET = 26.1;
			};
			name = Release;
		};
		22FA3DA32EA0E14A00F6CCB9 /* Debug */ = {
			isa = XCBuildConfiguration;
			buildSettings = {
				ALWAYS_SEARCH_USER_PATHS = NO;
				ASSETCATALOG_COMPILER_GENERATE_SWIFT_ASSET_SYMBOL_EXTENSIONS = YES;
				CLANG_ANALYZER_LOCALIZABILITY_NONLOCALIZED = YES;
				CLANG_ANALYZER_NONNULL = YES;
				CLANG_ANALYZER_NUMBER_OBJECT_CONVERSION = YES_AGGRESSIVE;
				CLANG_CXX_LANGUAGE_STANDARD = "gnu++20";
				CLANG_ENABLE_MODULES = YES;
				CLANG_ENABLE_OBJC_ARC = YES;
				CLANG_ENABLE_OBJC_WEAK = YES;
				CLANG_WARN_BLOCK_CAPTURE_AUTORELEASING = YES;
				CLANG_WARN_BOOL_CONVERSION = YES;
				CLANG_WARN_COMMA = YES;
				CLANG_WARN_CONSTANT_CONVERSION = YES;
				CLANG_WARN_DEPRECATED_OBJC_IMPLEMENTATIONS = YES;
				CLANG_WARN_DIRECT_OBJC_ISA_USAGE = YES_ERROR;
				CLANG_WARN_DOCUMENTATION_COMMENTS = YES;
				CLANG_WARN_EMPTY_BODY = YES;
				CLANG_WARN_ENUM_CONVERSION = YES;
				CLANG_WARN_INFINITE_RECURSION = YES;
				CLANG_WARN_INT_CONVERSION = YES;
				CLANG_WARN_NON_LITERAL_NULL_CONVERSION = YES;
				CLANG_WARN_OBJC_IMPLICIT_RETAIN_SELF = YES;
				CLANG_WARN_OBJC_LITERAL_CONVERSION = YES;
				CLANG_WARN_OBJC_ROOT_CLASS = YES_ERROR;
				CLANG_WARN_QUOTED_INCLUDE_IN_FRAMEWORK_HEADER = YES;
				CLANG_WARN_RANGE_LOOP_ANALYSIS = YES;
				CLANG_WARN_STRICT_PROTOTYPES = YES;
				CLANG_WARN_SUSPICIOUS_MOVE = YES;
				CLANG_WARN_UNGUARDED_AVAILABILITY = YES_AGGRESSIVE;
				CLANG_WARN_UNREACHABLE_CODE = YES;
				CLANG_WARN__DUPLICATE_METHOD_MATCH = YES;
				COPY_PHASE_STRIP = NO;
				DEAD_CODE_STRIPPING = YES;
				DEBUG_INFORMATION_FORMAT = dwarf;
				DEVELOPMENT_TEAM = QT27QDFZ7N;
				ENABLE_STRICT_OBJC_MSGSEND = YES;
				ENABLE_TESTABILITY = YES;
				ENABLE_USER_SCRIPT_SANDBOXING = YES;
				GCC_C_LANGUAGE_STANDARD = gnu17;
				GCC_DYNAMIC_NO_PIC = NO;
				GCC_NO_COMMON_BLOCKS = YES;
				GCC_OPTIMIZATION_LEVEL = 0;
				GCC_PREPROCESSOR_DEFINITIONS = (
					"DEBUG=1",
					"$(inherited)",
				);
				GCC_WARN_64_TO_32_BIT_CONVERSION = YES;
				GCC_WARN_ABOUT_RETURN_TYPE = YES_ERROR;
				GCC_WARN_UNDECLARED_SELECTOR = YES;
				GCC_WARN_UNINITIALIZED_AUTOS = YES_AGGRESSIVE;
				GCC_WARN_UNUSED_FUNCTION = YES;
				GCC_WARN_UNUSED_VARIABLE = YES;
				IPHONEOS_DEPLOYMENT_TARGET = 26.0;
				LOCALIZATION_PREFERS_STRING_CATALOGS = YES;
				MTL_ENABLE_DEBUG_INFO = INCLUDE_SOURCE;
				MTL_FAST_MATH = YES;
				ONLY_ACTIVE_ARCH = YES;
				SDKROOT = iphoneos;
				STRING_CATALOG_GENERATE_SYMBOLS = YES;
				SWIFT_ACTIVE_COMPILATION_CONDITIONS = "DEBUG $(inherited)";
				SWIFT_EMIT_LOC_STRINGS = YES;
				SWIFT_OPTIMIZATION_LEVEL = "-Onone";
			};
			name = Debug;
		};
		22FA3DA42EA0E14A00F6CCB9 /* Release */ = {
			isa = XCBuildConfiguration;
			buildSettings = {
				ALWAYS_SEARCH_USER_PATHS = NO;
				ASSETCATALOG_COMPILER_GENERATE_SWIFT_ASSET_SYMBOL_EXTENSIONS = YES;
				CLANG_ANALYZER_LOCALIZABILITY_NONLOCALIZED = YES;
				CLANG_ANALYZER_NONNULL = YES;
				CLANG_ANALYZER_NUMBER_OBJECT_CONVERSION = YES_AGGRESSIVE;
				CLANG_CXX_LANGUAGE_STANDARD = "gnu++20";
				CLANG_ENABLE_MODULES = YES;
				CLANG_ENABLE_OBJC_ARC = YES;
				CLANG_ENABLE_OBJC_WEAK = YES;
				CLANG_WARN_BLOCK_CAPTURE_AUTORELEASING = YES;
				CLANG_WARN_BOOL_CONVERSION = YES;
				CLANG_WARN_COMMA = YES;
				CLANG_WARN_CONSTANT_CONVERSION = YES;
				CLANG_WARN_DEPRECATED_OBJC_IMPLEMENTATIONS = YES;
				CLANG_WARN_DIRECT_OBJC_ISA_USAGE = YES_ERROR;
				CLANG_WARN_DOCUMENTATION_COMMENTS = YES;
				CLANG_WARN_EMPTY_BODY = YES;
				CLANG_WARN_ENUM_CONVERSION = YES;
				CLANG_WARN_INFINITE_RECURSION = YES;
				CLANG_WARN_INT_CONVERSION = YES;
				CLANG_WARN_NON_LITERAL_NULL_CONVERSION = YES;
				CLANG_WARN_OBJC_IMPLICIT_RETAIN_SELF = YES;
				CLANG_WARN_OBJC_LITERAL_CONVERSION = YES;
				CLANG_WARN_OBJC_ROOT_CLASS = YES_ERROR;
				CLANG_WARN_QUOTED_INCLUDE_IN_FRAMEWORK_HEADER = YES;
				CLANG_WARN_RANGE_LOOP_ANALYSIS = YES;
				CLANG_WARN_STRICT_PROTOTYPES = YES;
				CLANG_WARN_SUSPICIOUS_MOVE = YES;
				CLANG_WARN_UNGUARDED_AVAILABILITY = YES_AGGRESSIVE;
				CLANG_WARN_UNREACHABLE_CODE = YES;
				CLANG_WARN__DUPLICATE_METHOD_MATCH = YES;
				COPY_PHASE_STRIP = NO;
				DEAD_CODE_STRIPPING = YES;
				DEBUG_INFORMATION_FORMAT = "dwarf-with-dsym";
				DEVELOPMENT_TEAM = QT27QDFZ7N;
				ENABLE_NS_ASSERTIONS = NO;
				ENABLE_STRICT_OBJC_MSGSEND = YES;
				ENABLE_USER_SCRIPT_SANDBOXING = YES;
				GCC_C_LANGUAGE_STANDARD = gnu17;
				GCC_NO_COMMON_BLOCKS = YES;
				GCC_WARN_64_TO_32_BIT_CONVERSION = YES;
				GCC_WARN_ABOUT_RETURN_TYPE = YES_ERROR;
				GCC_WARN_UNDECLARED_SELECTOR = YES;
				GCC_WARN_UNINITIALIZED_AUTOS = YES_AGGRESSIVE;
				GCC_WARN_UNUSED_FUNCTION = YES;
				GCC_WARN_UNUSED_VARIABLE = YES;
				IPHONEOS_DEPLOYMENT_TARGET = 26.0;
				LOCALIZATION_PREFERS_STRING_CATALOGS = YES;
				MTL_ENABLE_DEBUG_INFO = NO;
				MTL_FAST_MATH = YES;
				SDKROOT = iphoneos;
				STRING_CATALOG_GENERATE_SYMBOLS = YES;
				SWIFT_COMPILATION_MODE = wholemodule;
				SWIFT_EMIT_LOC_STRINGS = YES;
				VALIDATE_PRODUCT = YES;
			};
			name = Release;
		};
		22FA3DA62EA0E14A00F6CCB9 /* Debug */ = {
			isa = XCBuildConfiguration;
			buildSettings = {
				ASSETCATALOG_COMPILER_APPICON_NAME = AppIcon;
				ASSETCATALOG_COMPILER_GLOBAL_ACCENT_COLOR_NAME = AccentColor;
				CODE_SIGN_ENTITLEMENTS = "flang-ios/flang-ios.entitlements";
				CODE_SIGN_STYLE = Automatic;
				CURRENT_PROJECT_VERSION = 1;
				DEVELOPMENT_TEAM = QT27QDFZ7N;
				ENABLE_PREVIEWS = YES;
				ENABLE_USER_SCRIPT_SANDBOXING = NO;
				GENERATE_INFOPLIST_FILE = YES;
				INFOPLIST_KEY_CFBundleDisplayName = Flang;
				INFOPLIST_KEY_LSApplicationCategoryType = "public.app-category.board-games";
				INFOPLIST_KEY_UIApplicationSceneManifest_Generation = YES;
				INFOPLIST_KEY_UIApplicationSupportsIndirectInputEvents = YES;
				INFOPLIST_KEY_UILaunchScreen_Generation = YES;
				INFOPLIST_KEY_UISupportedInterfaceOrientations = UIInterfaceOrientationPortrait;
				INFOPLIST_KEY_UISupportedInterfaceOrientations_iPad = "UIInterfaceOrientationLandscapeLeft UIInterfaceOrientationLandscapeRight UIInterfaceOrientationPortrait UIInterfaceOrientationPortraitUpsideDown";
				LD_RUNPATH_SEARCH_PATHS = (
					"$(inherited)",
					"@executable_path/Frameworks",
				);
				MARKETING_VERSION = 1.0;
				PRODUCT_BUNDLE_IDENTIFIER = "de.tadris.flang-ios";
				PRODUCT_NAME = Flang;
				STRING_CATALOG_GENERATE_SYMBOLS = YES;
				SUPPORTED_PLATFORMS = "iphoneos iphonesimulator";
				SUPPORTS_MACCATALYST = NO;
				SUPPORTS_MAC_DESIGNED_FOR_IPHONE_IPAD = NO;
				SUPPORTS_XR_DESIGNED_FOR_IPHONE_IPAD = NO;
				SWIFT_APPROACHABLE_CONCURRENCY = YES;
				SWIFT_DEFAULT_ACTOR_ISOLATION = MainActor;
				SWIFT_EMIT_LOC_STRINGS = YES;
				SWIFT_UPCOMING_FEATURE_MEMBER_IMPORT_VISIBILITY = YES;
				SWIFT_VERSION = 5.0;
				TARGETED_DEVICE_FAMILY = 1;
			};
			name = Debug;
		};
		22FA3DA72EA0E14A00F6CCB9 /* Release */ = {
			isa = XCBuildConfiguration;
			buildSettings = {
				ASSETCATALOG_COMPILER_APPICON_NAME = AppIcon;
				ASSETCATALOG_COMPILER_GLOBAL_ACCENT_COLOR_NAME = AccentColor;
				CODE_SIGN_ENTITLEMENTS = "flang-ios/flang-ios.entitlements";
				CODE_SIGN_STYLE = Automatic;
				CURRENT_PROJECT_VERSION = 1;
				DEVELOPMENT_TEAM = QT27QDFZ7N;
				ENABLE_PREVIEWS = YES;
				ENABLE_USER_SCRIPT_SANDBOXING = NO;
				GENERATE_INFOPLIST_FILE = YES;
				INFOPLIST_KEY_CFBundleDisplayName = Flang;
				INFOPLIST_KEY_LSApplicationCategoryType = "public.app-category.board-games";
				INFOPLIST_KEY_UIApplicationSceneManifest_Generation = YES;
				INFOPLIST_KEY_UIApplicationSupportsIndirectInputEvents = YES;
				INFOPLIST_KEY_UILaunchScreen_Generation = YES;
				INFOPLIST_KEY_UISupportedInterfaceOrientations = UIInterfaceOrientationPortrait;
				INFOPLIST_KEY_UISupportedInterfaceOrientations_iPad = "UIInterfaceOrientationLandscapeLeft UIInterfaceOrientationLandscapeRight UIInterfaceOrientationPortrait UIInterfaceOrientationPortraitUpsideDown";
				LD_RUNPATH_SEARCH_PATHS = (
					"$(inherited)",
					"@executable_path/Frameworks",
				);
				MARKETING_VERSION = 1.0;
				PRODUCT_BUNDLE_IDENTIFIER = "de.tadris.flang-ios";
				PRODUCT_NAME = Flang;
				STRING_CATALOG_GENERATE_SYMBOLS = YES;
				SUPPORTED_PLATFORMS = "iphoneos iphonesimulator";
				SUPPORTS_MACCATALYST = NO;
				SUPPORTS_MAC_DESIGNED_FOR_IPHONE_IPAD = NO;
				SUPPORTS_XR_DESIGNED_FOR_IPHONE_IPAD = NO;
				SWIFT_APPROACHABLE_CONCURRENCY = YES;
				SWIFT_DEFAULT_ACTOR_ISOLATION = MainActor;
				SWIFT_EMIT_LOC_STRINGS = YES;
				SWIFT_UPCOMING_FEATURE_MEMBER_IMPORT_VISIBILITY = YES;
				SWIFT_VERSION = 5.0;
				TARGETED_DEVICE_FAMILY = 1;
			};
			name = Release;
		};
/* End XCBuildConfiguration section */

/* Begin XCConfigurationList section */
		2280E2F72EBFFA54005C0C8B /* Build configuration list for PBXNativeTarget "flang-ios-tests" */ = {
			isa = XCConfigurationList;
			buildConfigurations = (
				2280E2F52EBFFA54005C0C8B /* Debug */,
				2280E2F62EBFFA54005C0C8B /* Release */,
			);
			defaultConfigurationIsVisible = 0;
			defaultConfigurationName = Release;
		};
		22FA3D952EA0E14900F6CCB9 /* Build configuration list for PBXProject "Flang" */ = {
			isa = XCConfigurationList;
			buildConfigurations = (
				22FA3DA32EA0E14A00F6CCB9 /* Debug */,
				22FA3DA42EA0E14A00F6CCB9 /* Release */,
			);
			defaultConfigurationIsVisible = 0;
			defaultConfigurationName = Release;
		};
		22FA3DA52EA0E14A00F6CCB9 /* Build configuration list for PBXNativeTarget "flang-ios" */ = {
			isa = XCConfigurationList;
			buildConfigurations = (
				22FA3DA62EA0E14A00F6CCB9 /* Debug */,
				22FA3DA72EA0E14A00F6CCB9 /* Release */,
			);
			defaultConfigurationIsVisible = 0;
			defaultConfigurationName = Release;
		};
/* End XCConfigurationList section */

/* Begin XCLocalSwiftPackageReference section */
		22DAFBB62ED0F62B00C72A76 /* XCLocalSwiftPackageReference "flang-core" */ = {
			isa = XCLocalSwiftPackageReference;
			relativePath = "flang-core";
		};
/* End XCLocalSwiftPackageReference section */

/* Begin XCRemoteSwiftPackageReference section */
		22B7D1692EF17D6500C02359 /* XCRemoteSwiftPackageReference "LicensePlist" */ = {
			isa = XCRemoteSwiftPackageReference;
			repositoryURL = "https://github.com/mono0926/LicensePlist";
			requirement = {
				kind = upToNextMajorVersion;
				minimumVersion = 3.27.2;
			};
		};
		22B7D16A2EF17D7B00C02359 /* XCRemoteSwiftPackageReference "swift-markdown-ui" */ = {
			isa = XCRemoteSwiftPackageReference;
			repositoryURL = "https://github.com/gonzalezreal/swift-markdown-ui";
			requirement = {
				kind = upToNextMajorVersion;
				minimumVersion = 2.4.1;
			};
		};
/* End XCRemoteSwiftPackageReference section */

/* Begin XCSwiftPackageProductDependency section */
		22B7D16B2EF17D7B00C02359 /* MarkdownUI */ = {
			isa = XCSwiftPackageProductDependency;
			package = 22B7D16A2EF17D7B00C02359 /* XCRemoteSwiftPackageReference "swift-markdown-ui" */;
			productName = MarkdownUI;
		};
		22B7D1712EF17F5F00C02359 /* LicensePlistBuildTool */ = {
			isa = XCSwiftPackageProductDependency;
			package = 22B7D1692EF17D6500C02359 /* XCRemoteSwiftPackageReference "LicensePlist" */;
			productName = "plugin:LicensePlistBuildTool";
		};
		22DAFBB72ED0F62B00C72A76 /* FlangCore */ = {
			isa = XCSwiftPackageProductDependency;
			productName = FlangCore;
		};
/* End XCSwiftPackageProductDependency section */
	};
	rootObject = 22FA3D922EA0E14900F6CCB9 /* Project object */;
}
